
Microsoft Visual Studio Solution File, Format Version 12.00
# Visual Studio 2013
VisualStudioVersion = 12.0.31101.0
MinimumVisualStudioVersion = 10.0.40219.1
Project("{2150E333-8FDC-42A3-9474-1A3956D46DE8}") = ".git", ".git", "{34090616-C8C6-41B5-8EA9-D2CE81511446}"
	ProjectSection(SolutionItems) = preProject
		.gitattributes = .gitattributes
		.gitignore = .gitignore
	EndProjectSection
EndProject
Project("{2150E333-8FDC-42A3-9474-1A3956D46DE8}") = ".nuget", ".nuget", "{8C068009-BBE6-479F-90D0-73BB6B445D7B}"
	ProjectSection(SolutionItems) = preProject
		.nuget\NuGet.Config = .nuget\NuGet.Config
		.nuget\NuGet.exe = .nuget\NuGet.exe
		.nuget\NuGet.targets = .nuget\NuGet.targets
	EndProjectSection
EndProject
Project("{FAE04EC0-301F-11D3-BF4B-00C04F79EFBC}") = "MandsStoreAPI", "MandsStoreAPI\MandsStoreAPI.csproj", "{945B422E-E70B-4EE4-9C18-7BB3ED423A80}"
EndProject
Project("{FAE04EC0-301F-11D3-BF4B-00C04F79EFBC}") = "MandsStoreAPI.Test", "MandsStoreAPI.Test\MandsStoreAPI.Test.csproj", "{14AF8208-712A-492A-8C4A-540494BB78D1}"
EndProject
Global
	GlobalSection(SolutionConfigurationPlatforms) = preSolution
		Debug|Any CPU = Debug|Any CPU
		Release|Any CPU = Release|Any CPU
	EndGlobalSection
	GlobalSection(ProjectConfigurationPlatforms) = postSolution
		{945B422E-E70B-4EE4-9C18-7BB3ED423A80}.Debug|Any CPU.ActiveCfg = Debug|Any CPU
		{945B422E-E70B-4EE4-9C18-7BB3ED423A80}.Debug|Any CPU.Build.0 = Debug|Any CPU
		{945B422E-E70B-4EE4-9C18-7BB3ED423A80}.Release|Any CPU.ActiveCfg = Release|Any CPU
		{945B422E-E70B-4EE4-9C18-7BB3ED423A80}.Release|Any CPU.Build.0 = Release|Any CPU
		{14AF8208-712A-492A-8C4A-540494BB78D1}.Debug|Any CPU.ActiveCfg = Debug|Any CPU
		{14AF8208-712A-492A-8C4A-540494BB78D1}.Debug|Any CPU.Build.0 = Debug|Any CPU
		{14AF8208-712A-492A-8C4A-540494BB78D1}.Release|Any CPU.ActiveCfg = Release|Any CPU
		{14AF8208-712A-492A-8C4A-540494BB78D1}.Release|Any CPU.Build.0 = Release|Any CPU
	EndGlobalSection
	GlobalSection(SolutionProperties) = preSolution
		HideSolutionNode = FALSE
	EndGlobalSection
EndGlobal
